// !$*UTF8*$!
{
	archiveVersion = 1;
	classes = {
	};
	objectVersion = 51;
	objects = {

/* Begin PBXBuildFile section */
		449CDB525A20AC0C3E32646B /* Pods_ExampleYMKPolygonsWithHoles.framework in Frameworks */ = {isa = PBXBuildFile; fileRef = 034FC33CE8E1EE8389A7AF8F /* Pods_ExampleYMKPolygonsWithHoles.framework */; };
		846A47A7231AAA9600CAFA1D /* AppDelegate.swift in Sources */ = {isa = PBXBuildFile; fileRef = 846A47A6231AAA9600CAFA1D /* AppDelegate.swift */; };
		846A47A9231AAA9600CAFA1D /* FirstViewController.swift in Sources */ = {isa = PBXBuildFile; fileRef = 846A47A8231AAA9600CAFA1D /* FirstViewController.swift */; };
		846A47AE231AAA9700CAFA1D /* Assets.xcassets in Resources */ = {isa = PBXBuildFile; fileRef = 846A47AD231AAA9700CAFA1D /* Assets.xcassets */; };
		846A47B1231AAA9700CAFA1D /* LaunchScreen.storyboard in Resources */ = {isa = PBXBuildFile; fileRef = 846A47AF231AAA9700CAFA1D /* LaunchScreen.storyboard */; };
		846A47BB231AC90D00CAFA1D /* Data.txt in Resources */ = {isa = PBXBuildFile; fileRef = 846A47BA231AC90D00CAFA1D /* Data.txt */; };
		846A47BE231ACA1E00CAFA1D /* DataModel.swift in Sources */ = {isa = PBXBuildFile; fileRef = 846A47BD231ACA1E00CAFA1D /* DataModel.swift */; };
		846A47C0231AD04F00CAFA1D /* TableModel.swift in Sources */ = {isa = PBXBuildFile; fileRef = 846A47BF231AD04F00CAFA1D /* TableModel.swift */; };
		846A47C2231BAED900CAFA1D /* DeliveryCostsModel.swift in Sources */ = {isa = PBXBuildFile; fileRef = 846A47C1231BAED900CAFA1D /* DeliveryCostsModel.swift */; };
		846A47C4231BAF0800CAFA1D /* TerritoriesModel.swift in Sources */ = {isa = PBXBuildFile; fileRef = 846A47C3231BAF0800CAFA1D /* TerritoriesModel.swift */; };
/* End PBXBuildFile section */

/* Begin PBXFileReference section */
		034FC33CE8E1EE8389A7AF8F /* Pods_ExampleYMKPolygonsWithHoles.framework */ = {isa = PBXFileReference; explicitFileType = wrapper.framework; includeInIndex = 0; path = Pods_ExampleYMKPolygonsWithHoles.framework; sourceTree = BUILT_PRODUCTS_DIR; };
		5EBDF2713890A7469ADED598 /* Pods-ExampleYMKPolygonsWithHoles.release.xcconfig */ = {isa = PBXFileReference; includeInIndex = 1; lastKnownFileType = text.xcconfig; name = "Pods-ExampleYMKPolygonsWithHoles.release.xcconfig"; path = "Target Support Files/Pods-ExampleYMKPolygonsWithHoles/Pods-ExampleYMKPolygonsWithHoles.release.xcconfig"; sourceTree = "<group>"; };
		71CC5F01BCA72F9FF41D816E /* Pods-ExampleYMKPolygonsWithHoles.debug.xcconfig */ = {isa = PBXFileReference; includeInIndex = 1; lastKnownFileType = text.xcconfig; name = "Pods-ExampleYMKPolygonsWithHoles.debug.xcconfig"; path = "Target Support Files/Pods-ExampleYMKPolygonsWithHoles/Pods-ExampleYMKPolygonsWithHoles.debug.xcconfig"; sourceTree = "<group>"; };
		846A47A3231AAA9600CAFA1D /* ExampleYMKPolygonsWithHoles.app */ = {isa = PBXFileReference; explicitFileType = wrapper.application; includeInIndex = 0; path = ExampleYMKPolygonsWithHoles.app; sourceTree = BUILT_PRODUCTS_DIR; };
		846A47A6231AAA9600CAFA1D /* AppDelegate.swift */ = {isa = PBXFileReference; lastKnownFileType = sourcecode.swift; path = AppDelegate.swift; sourceTree = "<group>"; };
		846A47A8231AAA9600CAFA1D /* FirstViewController.swift */ = {isa = PBXFileReference; lastKnownFileType = sourcecode.swift; path = FirstViewController.swift; sourceTree = "<group>"; };
		846A47AD231AAA9700CAFA1D /* Assets.xcassets */ = {isa = PBXFileReference; lastKnownFileType = folder.assetcatalog; path = Assets.xcassets; sourceTree = "<group>"; };
		846A47B0231AAA9700CAFA1D /* Base */ = {isa = PBXFileReference; lastKnownFileType = file.storyboard; name = Base; path = Base.lproj/LaunchScreen.storyboard; sourceTree = "<group>"; };
		846A47B2231AAA9700CAFA1D /* Info.plist */ = {isa = PBXFileReference; lastKnownFileType = text.plist.xml; path = Info.plist; sourceTree = "<group>"; };
		846A47BA231AC90D00CAFA1D /* Data.txt */ = {isa = PBXFileReference; lastKnownFileType = text; path = Data.txt; sourceTree = "<group>"; };
		846A47BD231ACA1E00CAFA1D /* DataModel.swift */ = {isa = PBXFileReference; lastKnownFileType = sourcecode.swift; path = DataModel.swift; sourceTree = "<group>"; };
		846A47BF231AD04F00CAFA1D /* TableModel.swift */ = {isa = PBXFileReference; lastKnownFileType = sourcecode.swift; path = TableModel.swift; sourceTree = "<group>"; };
		846A47C1231BAED900CAFA1D /* DeliveryCostsModel.swift */ = {isa = PBXFileReference; lastKnownFileType = sourcecode.swift; path = DeliveryCostsModel.swift; sourceTree = "<group>"; };
		846A47C3231BAF0800CAFA1D /* TerritoriesModel.swift */ = {isa = PBXFileReference; lastKnownFileType = sourcecode.swift; path = TerritoriesModel.swift; sourceTree = "<group>"; };
/* End PBXFileReference section */

/* Begin PBXFrameworksBuildPhase section */
		846A47A0231AAA9600CAFA1D /* Frameworks */ = {
			isa = PBXFrameworksBuildPhase;
			buildActionMask = 2147483647;
			files = (
				449CDB525A20AC0C3E32646B /* Pods_ExampleYMKPolygonsWithHoles.framework in Frameworks */,
			);
			runOnlyForDeploymentPostprocessing = 0;
		};
/* End PBXFrameworksBuildPhase section */

/* Begin PBXGroup section */
		4D60C9CA9528E76501EF36DB /* Frameworks */ = {
			isa = PBXGroup;
			children = (
				034FC33CE8E1EE8389A7AF8F /* Pods_ExampleYMKPolygonsWithHoles.framework */,
			);
			name = Frameworks;
			sourceTree = "<group>";
		};
		846A479A231AAA9600CAFA1D = {
			isa = PBXGroup;
			children = (
				846A47A5231AAA9600CAFA1D /* ExampleYMKPolygonsWithHoles */,
				846A47A4231AAA9600CAFA1D /* Products */,
				F8357C3435235454CFCF13E5 /* Pods */,
				4D60C9CA9528E76501EF36DB /* Frameworks */,
			);
			sourceTree = "<group>";
		};
		846A47A4231AAA9600CAFA1D /* Products */ = {
			isa = PBXGroup;
			children = (
				846A47A3231AAA9600CAFA1D /* ExampleYMKPolygonsWithHoles.app */,
			);
			name = Products;
			sourceTree = "<group>";
		};
		846A47A5231AAA9600CAFA1D /* ExampleYMKPolygonsWithHoles */ = {
			isa = PBXGroup;
			children = (
				846A47BC231AC97C00CAFA1D /* Models */,
				846A47B9231AC12900CAFA1D /* ViewControllers */,
				846A47B8231AC10900CAFA1D /* Environment */,
			);
			path = ExampleYMKPolygonsWithHoles;
			sourceTree = "<group>";
		};
		846A47B8231AC10900CAFA1D /* Environment */ = {
			isa = PBXGroup;
			children = (
				846A47A6231AAA9600CAFA1D /* AppDelegate.swift */,
				846A47AF231AAA9700CAFA1D /* LaunchScreen.storyboard */,
				846A47B2231AAA9700CAFA1D /* Info.plist */,
				846A47AD231AAA9700CAFA1D /* Assets.xcassets */,
				846A47BA231AC90D00CAFA1D /* Data.txt */,
			);
			path = Environment;
			sourceTree = "<group>";
		};
		846A47B9231AC12900CAFA1D /* ViewControllers */ = {
			isa = PBXGroup;
			children = (
				846A47A8231AAA9600CAFA1D /* FirstViewController.swift */,
			);
			path = ViewControllers;
			sourceTree = "<group>";
		};
		846A47BC231AC97C00CAFA1D /* Models */ = {
			isa = PBXGroup;
			children = (
				846A47BD231ACA1E00CAFA1D /* DataModel.swift */,
				846A47BF231AD04F00CAFA1D /* TableModel.swift */,
				846A47C3231BAF0800CAFA1D /* TerritoriesModel.swift */,
				846A47C1231BAED900CAFA1D /* DeliveryCostsModel.swift */,
			);
			path = Models;
			sourceTree = "<group>";
		};
		F8357C3435235454CFCF13E5 /* Pods */ = {
			isa = PBXGroup;
			children = (
				71CC5F01BCA72F9FF41D816E /* Pods-ExampleYMKPolygonsWithHoles.debug.xcconfig */,
				5EBDF2713890A7469ADED598 /* Pods-ExampleYMKPolygonsWithHoles.release.xcconfig */,
			);
			path = Pods;
			sourceTree = "<group>";
		};
/* End PBXGroup section */

/* Begin PBXNativeTarget section */
		846A47A2231AAA9600CAFA1D /* ExampleYMKPolygonsWithHoles */ = {
			isa = PBXNativeTarget;
			buildConfigurationList = 846A47B5231AAA9700CAFA1D /* Build configuration list for PBXNativeTarget "ExampleYMKPolygonsWithHoles" */;
			buildPhases = (
				24C2EBC9671325B1DFD85586 /* [CP] Check Pods Manifest.lock */,
				846A479F231AAA9600CAFA1D /* Sources */,
				846A47A0231AAA9600CAFA1D /* Frameworks */,
				846A47A1231AAA9600CAFA1D /* Resources */,
				06EEFE3ACF3D925E18A8CAFB /* [CP] Copy Pods Resources */,
			);
			buildRules = (
			);
			dependencies = (
			);
			name = ExampleYMKPolygonsWithHoles;
			productName = ExampleYMKPolygonsWithHoles;
			productReference = 846A47A3231AAA9600CAFA1D /* ExampleYMKPolygonsWithHoles.app */;
			productType = "com.apple.product-type.application";
		};
/* End PBXNativeTarget section */

/* Begin PBXProject section */
		846A479B231AAA9600CAFA1D /* Project object */ = {
			isa = PBXProject;
			attributes = {
				LastSwiftUpdateCheck = 1020;
				LastUpgradeCheck = 1020;
				ORGANIZATIONNAME = "Станислав Шияновский";
				TargetAttributes = {
					846A47A2231AAA9600CAFA1D = {
						CreatedOnToolsVersion = 10.2.1;
					};
				};
			};
			buildConfigurationList = 846A479E231AAA9600CAFA1D /* Build configuration list for PBXProject "ExampleYMKPolygonsWithHoles" */;
			compatibilityVersion = "Xcode 9.3";
			developmentRegion = en;
			hasScannedForEncodings = 0;
			knownRegions = (
				en,
				Base,
			);
			mainGroup = 846A479A231AAA9600CAFA1D;
			productRefGroup = 846A47A4231AAA9600CAFA1D /* Products */;
			projectDirPath = "";
			projectRoot = "";
			targets = (
				846A47A2231AAA9600CAFA1D /* ExampleYMKPolygonsWithHoles */,
			);
		};
/* End PBXProject section */

/* Begin PBXResourcesBuildPhase section */
		846A47A1231AAA9600CAFA1D /* Resources */ = {
			isa = PBXResourcesBuildPhase;
			buildActionMask = 2147483647;
			files = (
				846A47B1231AAA9700CAFA1D /* LaunchScreen.storyboard in Resources */,
				846A47AE231AAA9700CAFA1D /* Assets.xcassets in Resources */,
				846A47BB231AC90D00CAFA1D /* Data.txt in Resources */,
			);
			runOnlyForDeploymentPostprocessing = 0;
		};
/* End PBXResourcesBuildPhase section */

/* Begin PBXShellScriptBuildPhase section */
		06EEFE3ACF3D925E18A8CAFB /* [CP] Copy Pods Resources */ = {
			isa = PBXShellScriptBuildPhase;
			buildActionMask = 2147483647;
			files = (
			);
			inputFileListPaths = (
				"${PODS_ROOT}/Target Support Files/Pods-ExampleYMKPolygonsWithHoles/Pods-ExampleYMKPolygonsWithHoles-resources-${CONFIGURATION}-input-files.xcfilelist",
			);
			name = "[CP] Copy Pods Resources";
			outputFileListPaths = (
				"${PODS_ROOT}/Target Support Files/Pods-ExampleYMKPolygonsWithHoles/Pods-ExampleYMKPolygonsWithHoles-resources-${CONFIGURATION}-output-files.xcfilelist",
			);
			runOnlyForDeploymentPostprocessing = 0;
			shellPath = /bin/sh;
			shellScript = "\"${PODS_ROOT}/Target Support Files/Pods-ExampleYMKPolygonsWithHoles/Pods-ExampleYMKPolygonsWithHoles-resources.sh\"\n";
			showEnvVarsInLog = 0;
		};
		24C2EBC9671325B1DFD85586 /* [CP] Check Pods Manifest.lock */ = {
			isa = PBXShellScriptBuildPhase;
			buildActionMask = 2147483647;
			files = (
			);
			inputFileListPaths = (
			);
			inputPaths = (
				"${PODS_PODFILE_DIR_PATH}/Podfile.lock",
				"${PODS_ROOT}/Manifest.lock",
			);
			name = "[CP] Check Pods Manifest.lock";
			outputFileListPaths = (
			);
			outputPaths = (
				"$(DERIVED_FILE_DIR)/Pods-ExampleYMKPolygonsWithHoles-checkManifestLockResult.txt",
			);
			runOnlyForDeploymentPostprocessing = 0;
			shellPath = /bin/sh;
			shellScript = "diff \"${PODS_PODFILE_DIR_PATH}/Podfile.lock\" \"${PODS_ROOT}/Manifest.lock\" > /dev/null\nif [ $? != 0 ] ; then\n    # print error to STDERR\n    echo \"error: The sandbox is not in sync with the Podfile.lock. Run 'pod install' or update your CocoaPods installation.\" >&2\n    exit 1\nfi\n# This output is used by Xcode 'outputs' to avoid re-running this script phase.\necho \"SUCCESS\" > \"${SCRIPT_OUTPUT_FILE_0}\"\n";
			showEnvVarsInLog = 0;
		};
/* End PBXShellScriptBuildPhase section */

/* Begin PBXSourcesBuildPhase section */
		846A479F231AAA9600CAFA1D /* Sources */ = {
			isa = PBXSourcesBuildPhase;
			buildActionMask = 2147483647;
			files = (
				846A47C0231AD04F00CAFA1D /* TableModel.swift in Sources */,
				846A47A9231AAA9600CAFA1D /* FirstViewController.swift in Sources */,
				846A47C4231BAF0800CAFA1D /* TerritoriesModel.swift in Sources */,
				846A47C2231BAED900CAFA1D /* DeliveryCostsModel.swift in Sources */,
				846A47A7231AAA9600CAFA1D /* AppDelegate.swift in Sources */,
				846A47BE231ACA1E00CAFA1D /* DataModel.swift in Sources */,
			);
			runOnlyForDeploymentPostprocessing = 0;
		};
/* End PBXSourcesBuildPhase section */

/* Begin PBXVariantGroup section */
		846A47AF231AAA9700CAFA1D /* LaunchScreen.storyboard */ = {
			isa = PBXVariantGroup;
			children = (
				846A47B0231AAA9700CAFA1D /* Base */,
			);
			name = LaunchScreen.storyboard;
			sourceTree = "<group>";
		};
/* End PBXVariantGroup section */

/* Begin XCBuildConfiguration section */
		846A47B3231AAA9700CAFA1D /* Debug */ = {
			isa = XCBuildConfiguration;
			buildSettings = {
				ALWAYS_SEARCH_USER_PATHS = NO;
				CLANG_ANALYZER_NONNULL = YES;
				CLANG_ANALYZER_NUMBER_OBJECT_CONVERSION = YES_AGGRESSIVE;
				CLANG_CXX_LANGUAGE_STANDARD = "gnu++14";
				CLANG_CXX_LIBRARY = "libc++";
				CLANG_ENABLE_MODULES = YES;
				CLANG_ENABLE_OBJC_ARC = YES;
				CLANG_ENABLE_OBJC_WEAK = YES;
				CLANG_WARN_BLOCK_CAPTURE_AUTORELEASING = YES;
				CLANG_WARN_BOOL_CONVERSION = YES;
				CLANG_WARN_COMMA = YES;
				CLANG_WARN_CONSTANT_CONVERSION = YES;
				CLANG_WARN_DEPRECATED_OBJC_IMPLEMENTATIONS = YES;
				CLANG_WARN_DIRECT_OBJC_ISA_USAGE = YES_ERROR;
				CLANG_WARN_DOCUMENTATION_COMMENTS = YES;
				CLANG_WARN_EMPTY_BODY = YES;
				CLANG_WARN_ENUM_CONVERSION = YES;
				CLANG_WARN_INFINITE_RECURSION = YES;
				CLANG_WARN_INT_CONVERSION = YES;
				CLANG_WARN_NON_LITERAL_NULL_CONVERSION = YES;
				CLANG_WARN_OBJC_IMPLICIT_RETAIN_SELF = YES;
				CLANG_WARN_OBJC_LITERAL_CONVERSION = YES;
				CLANG_WARN_OBJC_ROOT_CLASS = YES_ERROR;
				CLANG_WARN_RANGE_LOOP_ANALYSIS = YES;
				CLANG_WARN_STRICT_PROTOTYPES = YES;
				CLANG_WARN_SUSPICIOUS_MOVE = YES;
				CLANG_WARN_UNGUARDED_AVAILABILITY = YES_AGGRESSIVE;
				CLANG_WARN_UNREACHABLE_CODE = YES;
				CLANG_WARN__DUPLICATE_METHOD_MATCH = YES;
				CODE_SIGN_IDENTITY = "iPhone Developer";
				COPY_PHASE_STRIP = NO;
				DEBUG_INFORMATION_FORMAT = dwarf;
				ENABLE_STRICT_OBJC_MSGSEND = YES;
				ENABLE_TESTABILITY = YES;
				GCC_C_LANGUAGE_STANDARD = gnu11;
				GCC_DYNAMIC_NO_PIC = NO;
				GCC_NO_COMMON_BLOCKS = YES;
				GCC_OPTIMIZATION_LEVEL = 0;
				GCC_PREPROCESSOR_DEFINITIONS = (
					"DEBUG=1",
					"$(inherited)",
				);
				GCC_WARN_64_TO_32_BIT_CONVERSION = YES;
				GCC_WARN_ABOUT_RETURN_TYPE = YES_ERROR;
				GCC_WARN_UNDECLARED_SELECTOR = YES;
				GCC_WARN_UNINITIALIZED_AUTOS = YES_AGGRESSIVE;
				GCC_WARN_UNUSED_FUNCTION = YES;
				GCC_WARN_UNUSED_VARIABLE = YES;
				IPHONEOS_DEPLOYMENT_TARGET = 12.2;
				MTL_ENABLE_DEBUG_INFO = INCLUDE_SOURCE;
				MTL_FAST_MATH = YES;
				ONLY_ACTIVE_ARCH = YES;
				SDKROOT = iphoneos;
				SWIFT_ACTIVE_COMPILATION_CONDITIONS = DEBUG;
				SWIFT_OPTIMIZATION_LEVEL = "-Onone";
			};
			name = Debug;
		};
		846A47B4231AAA9700CAFA1D /* Release */ = {
			isa = XCBuildConfiguration;
			buildSettings = {
				ALWAYS_SEARCH_USER_PATHS = NO;
				CLANG_ANALYZER_NONNULL = YES;
				CLANG_ANALYZER_NUMBER_OBJECT_CONVERSION = YES_AGGRESSIVE;
				CLANG_CXX_LANGUAGE_STANDARD = "gnu++14";
				CLANG_CXX_LIBRARY = "libc++";
				CLANG_ENABLE_MODULES = YES;
				CLANG_ENABLE_OBJC_ARC = YES;
				CLANG_ENABLE_OBJC_WEAK = YES;
				CLANG_WARN_BLOCK_CAPTURE_AUTORELEASING = YES;
				CLANG_WARN_BOOL_CONVERSION = YES;
				CLANG_WARN_COMMA = YES;
				CLANG_WARN_CONSTANT_CONVERSION = YES;
				CLANG_WARN_DEPRECATED_OBJC_IMPLEMENTATIONS = YES;
				CLANG_WARN_DIRECT_OBJC_ISA_USAGE = YES_ERROR;
				CLANG_WARN_DOCUMENTATION_COMMENTS = YES;
				CLANG_WARN_EMPTY_BODY = YES;
				CLANG_WARN_ENUM_CONVERSION = YES;
				CLANG_WARN_INFINITE_RECURSION = YES;
				CLANG_WARN_INT_CONVERSION = YES;
				CLANG_WARN_NON_LITERAL_NULL_CONVERSION = YES;
				CLANG_WARN_OBJC_IMPLICIT_RETAIN_SELF = YES;
				CLANG_WARN_OBJC_LITERAL_CONVERSION = YES;
				CLANG_WARN_OBJC_ROOT_CLASS = YES_ERROR;
				CLANG_WARN_RANGE_LOOP_ANALYSIS = YES;
				CLANG_WARN_STRICT_PROTOTYPES = YES;
				CLANG_WARN_SUSPICIOUS_MOVE = YES;
				CLANG_WARN_UNGUARDED_AVAILABILITY = YES_AGGRESSIVE;
				CLANG_WARN_UNREACHABLE_CODE = YES;
				CLANG_WARN__DUPLICATE_METHOD_MATCH = YES;
				CODE_SIGN_IDENTITY = "iPhone Developer";
				COPY_PHASE_STRIP = NO;
				DEBUG_INFORMATION_FORMAT = "dwarf-with-dsym";
				ENABLE_NS_ASSERTIONS = NO;
				ENABLE_STRICT_OBJC_MSGSEND = YES;
				GCC_C_LANGUAGE_STANDARD = gnu11;
				GCC_NO_COMMON_BLOCKS = YES;
				GCC_WARN_64_TO_32_BIT_CONVERSION = YES;
				GCC_WARN_ABOUT_RETURN_TYPE = YES_ERROR;
				GCC_WARN_UNDECLARED_SELECTOR = YES;
				GCC_WARN_UNINITIALIZED_AUTOS = YES_AGGRESSIVE;
				GCC_WARN_UNUSED_FUNCTION = YES;
				GCC_WARN_UNUSED_VARIABLE = YES;
				IPHONEOS_DEPLOYMENT_TARGET = 12.2;
				MTL_ENABLE_DEBUG_INFO = NO;
				MTL_FAST_MATH = YES;
				SDKROOT = iphoneos;
				SWIFT_COMPILATION_MODE = wholemodule;
				SWIFT_OPTIMIZATION_LEVEL = "-O";
				VALIDATE_PRODUCT = YES;
			};
			name = Release;
		};
		846A47B6231AAA9700CAFA1D /* Debug */ = {
			isa = XCBuildConfiguration;
			baseConfigurationReference = 71CC5F01BCA72F9FF41D816E /* Pods-ExampleYMKPolygonsWithHoles.debug.xcconfig */;
			buildSettings = {
				ASSETCATALOG_COMPILER_APPICON_NAME = AppIcon;
				CODE_SIGN_STYLE = Automatic;
				DEVELOPMENT_TEAM = 3PTYV272Z4;
				INFOPLIST_FILE = "$(SRCROOT)/ExampleYMKPolygonsWithHoles/Environment/Info.plist";
				LD_RUNPATH_SEARCH_PATHS = (
					"$(inherited)",
					"@executable_path/Frameworks",
				);
				PRODUCT_BUNDLE_IDENTIFIER = ua.kr.ssh.ExampleYMKPolygonsWithHoles;
				PRODUCT_NAME = "$(TARGET_NAME)";
				SWIFT_VERSION = 5.0;
				TARGETED_DEVICE_FAMILY = 1;
			};
			name = Debug;
		};
		846A47B7231AAA9700CAFA1D /* Release */ = {
			isa = XCBuildConfiguration;
			baseConfigurationReference = 5EBDF2713890A7469ADED598 /* Pods-ExampleYMKPolygonsWithHoles.release.xcconfig */;
			buildSettings = {
				ASSETCATALOG_COMPILER_APPICON_NAME = AppIcon;
				CODE_SIGN_STYLE = Automatic;
				DEVELOPMENT_TEAM = 3PTYV272Z4;
				INFOPLIST_FILE = "$(SRCROOT)/ExampleYMKPolygonsWithHoles/Environment/Info.plist";
				LD_RUNPATH_SEARCH_PATHS = (
					"$(inherited)",
					"@executable_path/Frameworks",
				);
				PRODUCT_BUNDLE_IDENTIFIER = ua.kr.ssh.ExampleYMKPolygonsWithHoles;
				PRODUCT_NAME = "$(TARGET_NAME)";
				SWIFT_VERSION = 5.0;
				TARGETED_DEVICE_FAMILY = 1;
			};
			name = Release;
		};
/* End XCBuildConfiguration section */

/* Begin XCConfigurationList section */
		846A479E231AAA9600CAFA1D /* Build configuration list for PBXProject "ExampleYMKPolygonsWithHoles" */ = {
			isa = XCConfigurationList;
			buildConfigurations = (
				846A47B3231AAA9700CAFA1D /* Debug */,
				846A47B4231AAA9700CAFA1D /* Release */,
			);
			defaultConfigurationIsVisible = 0;
			defaultConfigurationName = Release;
		};
		846A47B5231AAA9700CAFA1D /* Build configuration list for PBXNativeTarget "ExampleYMKPolygonsWithHoles" */ = {
			isa = XCConfigurationList;
			buildConfigurations = (
				846A47B6231AAA9700CAFA1D /* Debug */,
				846A47B7231AAA9700CAFA1D /* Release */,
			);
			defaultConfigurationIsVisible = 0;
			defaultConfigurationName = Release;
		};
/* End XCConfigurationList section */
	};
	rootObject = 846A479B231AAA9600CAFA1D /* Project object */;
}
